lockfileVersion: '9.0'

settings:
  autoInstallPeers: true
  excludeLinksFromLockfile: false

importers:

  .:
    devDependencies:
      '@arethetypeswrong/core':
        specifier: ^0.18.2
        version: 0.18.2
      '@types/node':
        specifier: ^24.12.2
        version: 24.12.2
      oxfmt:
        specifier: ^0.47.0
        version: 0.47.0
      oxlint:
        specifier: ^1.62.0
        version: 1.62.0
      publint:
        specifier: ^0.3.18
        version: 0.3.18
      tsdown:
        specifier: ^0.21.10
        version: 0.21.10(@arethetypeswrong/core@0.18.2)(publint@0.3.18)(typescript@6.0.3)
      typescript:
        specifier: ^6.0.3
        version: 6.0.3
      valibot:
        specifier: ^1.3.1
        version: 1.3.1(typescript@6.0.3)

packages:

  '@andrewbranch/untar.js@1.0.3':
    resolution: {integrity: sha512-Jh15/qVmrLGhkKJBdXlK1+9tY4lZruYjsgkDFj08ZmDiWVBLJcqkok7Z0/R0In+i1rScBpJlSvrTS2Lm41Pbnw==}

  '@arethetypeswrong/core@0.18.2':
    resolution: {integrity: sha512-GiwTmBFOU1/+UVNqqCGzFJYfBXEytUkiI+iRZ6Qx7KmUVtLm00sYySkfe203C9QtPG11yOz1ZaMek8dT/xnlgg==}
    engines: {node: '>=20'}

  '@babel/generator@8.0.0-rc.3':
    resolution: {integrity: sha512-em37/13/nR320G4jab/nIIHZgc2Wz2y/D39lxnTyxB4/D/omPQncl/lSdlnJY1OhQcRGugTSIF2l/69o31C9dA==}
    engines: {node: ^20.19.0 || >=22.12.0}

  '@babel/helper-string-parser@8.0.0-rc.3':
    resolution: {integrity: sha512-AmwWFx1m8G/a5cXkxLxTiWl+YEoWuoFLUCwqMlNuWO1tqAYITQAbCRPUkyBHv1VOFgfjVOqEj6L3u15J5ZCzTA==}
    engines: {node: ^20.19.0 || >=22.12.0}

  '@babel/helper-validator-identifier@8.0.0-rc.3':
    resolution: {integrity: sha512-8AWCJ2VJJyDFlGBep5GpaaQ9AAaE/FjAcrqI7jyssYhtL7WGV0DOKpJsQqM037xDbpRLHXsY8TwU7zDma7coOw==}
    engines: {node: ^20.19.0 || >=22.12.0}

  '@babel/parser@8.0.0-rc.3':
    resolution: {integrity: sha512-B20dvP3MfNc/XS5KKCHy/oyWl5IA6Cn9YjXRdDlCjNmUFrjvLXMNUfQq/QUy9fnG2gYkKKcrto2YaF9B32ToOQ==}
    engines: {node: ^20.19.0 || >=22.12.0}
    hasBin: true

  '@babel/types@8.0.0-rc.3':
    resolution: {integrity: sha512-mOm5ZrYmphGfqVWoH5YYMTITb3cDXsFgmvFlvkvWDMsR9X8RFnt7a0Wb6yNIdoFsiMO9WjYLq+U/FMtqIYAF8Q==}
    engines: {node: ^20.19.0 || >=22.12.0}

  '@braidai/lang@1.1.2':
    resolution: {integrity: sha512-qBcknbBufNHlui137Hft8xauQMTZDKdophmLFv05r2eNmdIv/MlPuP4TdUknHG68UdWLgVZwgxVe735HzJNIwA==}

  '@emnapi/core@1.10.0':
    resolution: {integrity: sha512-yq6OkJ4p82CAfPl0u9mQebQHKPJkY7WrIuk205cTYnYe+k2Z8YBh11FrbRG/H6ihirqcacOgl2BIO8oyMQLeXw==}

  '@emnapi/runtime@1.10.0':
    resolution: {integrity: sha512-ewvYlk86xUoGI0zQRNq/mC+16R1QeDlKQy21Ki3oSYXNgLb45GV1P6A0M+/s6nyCuNDqe5VpaY84BzXGwVbwFA==}

  '@emnapi/wasi-threads@1.2.1':
    resolution: {integrity: sha512-uTII7OYF+/Mes/MrcIOYp5yOtSMLBWSIoLPpcgwipoiKbli6k322tcoFsxoIIxPDqW01SQGAgko4EzZi2BNv2w==}

  '@jridgewell/gen-mapping@0.3.13':
    resolution: {integrity: sha512-2kkt/7niJ6MgEPxF0bYdQ6etZaA+fQvDcLKckhy1yIQOzaoKjBBjSj63/aLVjYE3qhRt5dvM+uUyfCg6UKCBbA==}

  '@jridgewell/resolve-uri@3.1.2':
    resolution: {integrity: sha512-bRISgCIjP20/tbWSPWMEi54QVPRZExkuD9lJL+UIxUKtwVJA8wW1Trb1jMs1RFXo1CBTNZ/5hpC9QvmKWdopKw==}
    engines: {node: '>=6.0.0'}

  '@jridgewell/sourcemap-codec@1.5.5':
    resolution: {integrity: sha512-cYQ9310grqxueWbl+WuIUIaiUaDcj7WOq5fVhEljNVgRfOUhY9fy2zTvfoqWsnebh8Sl70VScFbICvJnLKB0Og==}

  '@jridgewell/trace-mapping@0.3.31':
    resolution: {integrity: sha512-zzNR+SdQSDJzc8joaeP8QQoCQr8NuYx2dIIytl1QeBEZHJ9uW6hebsrYgbz8hJwUQao3TWCMtmfV8Nu1twOLAw==}

  '@loaderkit/resolve@1.0.5':
    resolution: {integrity: sha512-fhkdGM57xhJ7CO91MUgbQlb0ClP0AJ9vB3yoVnBTslYJqrJOCVEbOprZcxZlexdMbmTBPQqVcQYr+j4oRRtIZA==}

  '@napi-rs/wasm-runtime@1.1.4':
    resolution: {integrity: sha512-3NQNNgA1YSlJb/kMH1ildASP9HW7/7kYnRI2szWJaofaS1hWmbGI4H+d3+22aGzXXN9IJ+n+GiFVcGipJP18ow==}
    peerDependencies:
      '@emnapi/core': ^1.7.1
      '@emnapi/runtime': ^1.7.1

  '@oxc-project/types@0.127.0':
    resolution: {integrity: sha512-aIYXQBo4lCbO4z0R3FHeucQHpF46l2LbMdxRvqvuRuW2OxdnSkcng5B8+K12spgLDj93rtN3+J2Vac/TIO+ciQ==}

  '@oxfmt/binding-android-arm-eabi@0.47.0':
    resolution: {integrity: sha512-KrMQRdMi/upr81qT4ijK6X6BNp6jqpMY7FwILQnwIy9QLc3qpnhUx5rsCLGzn4ewsCQ0CNAspN2ogmP1GXLyLw==}
    engines: {node: ^20.19.0 || >=22.12.0}
    cpu: [arm]
    os: [android]

  '@oxfmt/binding-android-arm64@0.47.0':
    resolution: {integrity: sha512-r4ixS/PeUpAFKgrpDoZ5pSkthjZzVzKd95525Aazj+aOv9H4ulK5zYHGb7wFY5n5kZxHK8TbOJUZgoEb1ohddQ==}
    engines: {node: ^20.19.0 || >=22.12.0}
    cpu: [arm64]
    os: [android]

  '@oxfmt/binding-darwin-arm64@0.47.0':
    resolution: {integrity: sha512-CLWxiKpMl+195cm09CuaWEhJK0CirRkoMa07aR9+9AFPat2LfIKtwx1JqxZM0MTvcMe6+adlJNdVL6jdInvq3g==}
    engines: {node: ^20.19.0 || >=22.12.0}
    cpu: [arm64]
    os: [darwin]

  '@oxfmt/binding-darwin-x64@0.47.0':
    resolution: {integrity: sha512-Xq5fjTYDC50faUeLSm0rZdBqoTgleXEdD7NpJdARtQIczkCJn3xNjMUSQQkUmh4CtxkKTNL68lytcOK3e/osgg==}
    engines: {node: ^20.19.0 || >=22.12.0}
    cpu: [x64]
    os: [darwin]

  '@oxfmt/binding-freebsd-x64@0.47.0':
    resolution: {integrity: sha512-QOU9ZIJ52p5askcEC0QJvvr8trHAWoonul8bgISo6gYUL3s50zkqafBYcNAr9LJZQbsZtPfIWHk9+5+nUp1qJQ==}
    engines: {node: ^20.19.0 || >=22.12.0}
    cpu: [x64]
    os: [freebsd]

  '@oxfmt/binding-linux-arm-gnueabihf@0.47.0':
    resolution: {integrity: sha512-oJxDM1aBhPvz9gmElBv8UpxyiqhwfjcbrSxT5F0xtuUzY6dQI27/AQPIt3eu3Z5Yvn0kQl5R7MA3Z+MbnRvCBw==}
    engines: {node: ^20.19.0 || >=22.12.0}
    cpu: [arm]
    os: [linux]

  '@oxfmt/binding-linux-arm-musleabihf@0.47.0':
    resolution: {integrity: sha512-g8Lh50VS4ibGz2q6v7r9UZY4D0dM16SdrFYOMzhqIoCwGcai8VMIRUAcqn1/jlCsOOzUXJ741+kCeJt0cofakQ==}
    engines: {node: ^20.19.0 || >=22.12.0}
    cpu: [arm]
    os: [linux]

  '@oxfmt/binding-linux-arm64-gnu@0.47.0':
    resolution: {integrity: sha512-YrNT1vQ0asaXoRbrvYENPqmBfOQ9Xr8enPNOULeYfg44VjCcrUowFy5QZr+WawE0zyP8cH9e9Gxxg0fDEFzhcg==}
    engines: {node: ^20.19.0 || >=22.12.0}
    cpu: [arm64]
    os: [linux]
    libc: [glibc]

  '@oxfmt/binding-linux-arm64-musl@0.47.0':
    resolution: {integrity: sha512-IxtQC/sbBi4ubbY+MdwdanRWrG9InQJVZqyMsBa5IUaQcnSg86gQme574HxXMC1p4bo4YhV99zQ+wNnGCvEgzw==}
    engines: {node: ^20.19.0 || >=22.12.0}
    cpu: [arm64]
    os: [linux]
    libc: [musl]

  '@oxfmt/binding-linux-ppc64-gnu@0.47.0':
    resolution: {integrity: sha512-EWXEhOMbWO0q6eJSbu0QLkU8cKi0ljlYLngeDs2Ocu/pm1rrLwyQiYzlFbdnMRURI4w9ndr1sI9rSbhlJ5o23Q==}
    engines: {node: ^20.19.0 || >=22.12.0}
    cpu: [ppc64]
    os: [linux]
    libc: [glibc]

  '@oxfmt/binding-linux-riscv64-gnu@0.47.0':
    resolution: {integrity: sha512-tZrjS11TUiDuEpRaqdk8K9F9xETRyKXfuZKmdeW+Gj7coBnm7+8sBEfyt033EAFEQSlkniAXvBLh+Qja2ioGBQ==}
    engines: {node: ^20.19.0 || >=22.12.0}
    cpu: [riscv64]
    os: [linux]
    libc: [glibc]

  '@oxfmt/binding-linux-riscv64-musl@0.47.0':
    resolution: {integrity: sha512-KBFy+2CFKUCZzYwX2ZOPQKck1vjQbz+hextuc19G4r0WRJwadfAeuQMQRQvB+Ivc8brlbOVg7et8K7E467440g==}
    engines: {node: ^20.19.0 || >=22.12.0}
    cpu: [riscv64]
    os: [linux]
    libc: [musl]

  '@oxfmt/binding-linux-s390x-gnu@0.47.0':
    resolution: {integrity: sha512-REUPFKVGSiK99B+9eaPhluEVglzaoj/SMykNC5SUiV2RSsBfV5lWN7Y0iCIc251Wz3GaeAGZsJ/zj3gjarxdFg==}
    engines: {node: ^20.19.0 || >=22.12.0}
    cpu: [s390x]
    os: [linux]
    libc: [glibc]

  '@oxfmt/binding-linux-x64-gnu@0.47.0':
    resolution: {integrity: sha512-KVftVSVEDeIfRW3TIeLe3aNI/iY4m1fu5mDwHcisKMZSCMKLkrhFsjowC7o9RoqNPxbbglm2+/6KAKBIts2t0Q==}
    engines: {node: ^20.19.0 || >=22.12.0}
    cpu: [x64]
    os: [linux]
    libc: [glibc]

  '@oxfmt/binding-linux-x64-musl@0.47.0':
    resolution: {integrity: sha512-DTsmGEaA2860Aq5VUyDO8/MT9NFxwVL93RnRYmpMwK6DsSkThmvEpqoUDDljziEpAedMRG19SCogrNbINSbLUQ==}
    engines: {node: ^20.19.0 || >=22.12.0}
    cpu: [x64]
    os: [linux]
    libc: [musl]

  '@oxfmt/binding-openharmony-arm64@0.47.0':
    resolution: {integrity: sha512-8r5BDro7fLOBoq1JXHLVSs55OlrxQhEso4HVo0TcY7OXJUPYfjPoOaYL5us+yIwqyP9rQwN+rxuiNFSmaxSuOQ==}
    engines: {node: ^20.19.0 || >=22.12.0}
    cpu: [arm64]
    os: [openharmony]

  '@oxfmt/binding-win32-arm64-msvc@0.47.0':
    resolution: {integrity: sha512-qtz/gzm8IjSPUlseZ0ofW8zyHLoZsuP5HTfcGGkWkUblB89JT8GNYH3ICqjbDsqsGqXum0/ZndXTFplSdXFIcg==}
    engines: {node: ^20.19.0 || >=22.12.0}
    cpu: [arm64]
    os: [win32]

  '@oxfmt/binding-win32-ia32-msvc@0.47.0':
    resolution: {integrity: sha512-5vIcdcIDE7nCx+MXN6sm8kbC4zajDB31E86rez4i45iHNH/2NjdKlJ720xcHTr3eeiMcttCGPHPhE1TjtBDGZw==}
    engines: {node: ^20.19.0 || >=22.12.0}
    cpu: [ia32]
    os: [win32]

  '@oxfmt/binding-win32-x64-msvc@0.47.0':
    resolution: {integrity: sha512-Sr59Y5ms54ONBjxFeWhVlGyQcHXxcl9DxC23f6yXlRkcos7LXBLoO+KDfxexjHIOZh7cWqrWduzvUjJ+pHp8cQ==}
    engines: {node: ^20.19.0 || >=22.12.0}
    cpu: [x64]
    os: [win32]

  '@oxlint/binding-android-arm-eabi@1.62.0':
    resolution: {integrity: sha512-pKsthNECyvJh8lPTICz6VcwVy2jOqdhhsp1rlxCkhgZR47aKvXPmaRWQDv+zlXpRae4qm1MaaTnutkaOk5aofg==}
    engines: {node: ^20.19.0 || >=22.12.0}
    cpu: [arm]
    os: [android]

  '@oxlint/binding-android-arm64@1.62.0':
    resolution: {integrity: sha512-b1AUNViByvgmR2xJDubvLIr+dSuu3uraG7bsAoKo+xrpspPvu6RIn6Fhr2JUhobfep3jwUTy18Huco6GkwdvGQ==}
    engines: {node: ^20.19.0 || >=22.12.0}
    cpu: [arm64]
    os: [android]

  '@oxlint/binding-darwin-arm64@1.62.0':
    resolution: {integrity: sha512-iG+Tvf70UJ6otfwFYIHk36Sjq9cpPP5YLxkoggANNRtzgi3Tj3g8q6Ybqi6AtkU3+yg9QwF7bDCkCS6bbL4PCg==}
    engines: {node: ^20.19.0 || >=22.12.0}
    cpu: [arm64]
    os: [darwin]

  '@oxlint/binding-darwin-x64@1.62.0':
    resolution: {integrity: sha512-oOWI6YPPr5AJUx+yIDlxmuUbQjS5gZX3OH3QisawYvsZgLiQVvZtR0rPBcJTxLWqt2ClrWg0DlSrlUiG5SQNHg==}
    engines: {node: ^20.19.0 || >=22.12.0}
    cpu: [x64]
    os: [darwin]

  '@oxlint/binding-freebsd-x64@1.62.0':
    resolution: {integrity: sha512-dLP33T7VLCmLVv4cvjkVX+rmkcwNk2UfxmsZPNur/7BQHoQR60zJ7XLiRvNUawlzn0u8ngCa3itjEG73MAMa/w==}
    engines: {node: ^20.19.0 || >=22.12.0}
    cpu: [x64]
    os: [freebsd]

  '@oxlint/binding-linux-arm-gnueabihf@1.62.0':
    resolution: {integrity: sha512-fl//LWNks6qo9chNY60UDYyIwtp7a5cEx4Y/rHPjaarhuwqx6jtbzEpD5V5AqmdL4a6Y5D8zeXg5HF2Cr0QmSQ==}
    engines: {node: ^20.19.0 || >=22.12.0}
    cpu: [arm]
    os: [linux]

  '@oxlint/binding-linux-arm-musleabihf@1.62.0':
    resolution: {integrity: sha512-i5vkAuxvueTODV3J2dL61/TXewDHhMFKvtD156cIsk7GsdfiAu7zW7kY0NJXhKeFHeiMZIh7eFNjkPYH6J47HQ==}
    engines: {node: ^20.19.0 || >=22.12.0}
    cpu: [arm]
    os: [linux]

  '@oxlint/binding-linux-arm64-gnu@1.62.0':
    resolution: {integrity: sha512-QwN19LLuIGuOjEflSeJkZmOTfBdBMlTmW8xbMf8TZhjd//cxVNYQPq75q7oKZBJc6hRx3gY7sX0Egc8cEIFZYg==}
    engines: {node: ^20.19.0 || >=22.12.0}
    cpu: [arm64]
    os: [linux]
    libc: [glibc]

  '@oxlint/binding-linux-arm64-musl@1.62.0':
    resolution: {integrity: sha512-8eCy3FCDuWUM5hWujAv6heMvfZPbcCOU3SdQUAkixZLu5bSzOkNfirJiLGoQFO943xceOKkiQRMQNzH++jM3WA==}
    engines: {node: ^20.19.0 || >=22.12.0}
    cpu: [arm64]
    os: [linux]
    libc: [musl]

  '@oxlint/binding-linux-ppc64-gnu@1.62.0':
    resolution: {integrity: sha512-NjQ7K7tpTPDe9J+yq8p/s/J0E7lRCkK2uDBDqvT4XIT6f4Z0tlnr59OBg/WcrmVHER1AbrcfyxhGTXgcG8ytWg==}
    engines: {node: ^20.19.0 || >=22.12.0}
    cpu: [ppc64]
    os: [linux]
    libc: [glibc]

  '@oxlint/binding-linux-riscv64-gnu@1.62.0':
    resolution: {integrity: sha512-oKZed9gmSwze29dEt3/Wnsv6l/Ygw/FUst+8Kfpv2SGeS/glEoTGZAMQw37SVyzFV76UTHJN2snGgxK2t2+8ow==}
    engines: {node: ^20.19.0 || >=22.12.0}
    cpu: [riscv64]
    os: [linux]
    libc: [glibc]

  '@oxlint/binding-linux-riscv64-musl@1.62.0':
    resolution: {integrity: sha512-gBjBxQ+9lGpAYq+ELqw0w8QXsBnkZclFc7GRX2r0LnEVn3ZTEqeIKpKcGjucmp76Q53bvJD0i4qBWBhcfhSfGA==}
    engines: {node: ^20.19.0 || >=22.12.0}
    cpu: [riscv64]
    os: [linux]
    libc: [musl]

  '@oxlint/binding-linux-s390x-gnu@1.62.0':
    resolution: {integrity: sha512-Ew2Kxs9EQ9/mbAIJ2hvocMC0wsOu6YKzStI2eFBDt+Td5O8seVC/oxgRIHqCcl5sf5ratA1nozQBAuv7tphkHg==}
    engines: {node: ^20.19.0 || >=22.12.0}
    cpu: [s390x]
    os: [linux]
    libc: [glibc]

  '@oxlint/binding-linux-x64-gnu@1.62.0':
    resolution: {integrity: sha512-5z25jcAA0gfKyVwz71A0VXgaPlocPoTAxhlv/hgoK6tlCrfoNuw7haWbDHvGMfjXhdic4EqVXGRv5XsTqFnbRQ==}
    engines: {node: ^20.19.0 || >=22.12.0}
    cpu: [x64]
    os: [linux]
    libc: [glibc]

  '@oxlint/binding-linux-x64-musl@1.62.0':
    resolution: {integrity: sha512-IWpHmMB6ZDllPvqWDkG6AmXrN7JF5e/c4g/0PuURsmlK+vHoYZPB70rr4u1bn3I4LsKCSpqqfveyx6UCOC8wdg==}
    engines: {node: ^20.19.0 || >=22.12.0}
    cpu: [x64]
    os: [linux]
    libc: [musl]

  '@oxlint/binding-openharmony-arm64@1.62.0':
    resolution: {integrity: sha512-fjlSxxrD5pA594vkyikCS9MnPRjQawW6/BLgyTYkO+73wwPlYjkcZ7LSd974l0Q2zkHQmu4DPvJFLYA7o8xrxQ==}
    engines: {node: ^20.19.0 || >=22.12.0}
    cpu: [arm64]
    os: [openharmony]

  '@oxlint/binding-win32-arm64-msvc@1.62.0':
    resolution: {integrity: sha512-EiFXr8loNS0Ul3Gu80+9nr1T8jRmnKocqmHHg16tj5ZqTgUXyb97l2rrspVHdDluyFn9JfR4PoJFdNzw4paHww==}
    engines: {node: ^20.19.0 || >=22.12.0}
    cpu: [arm64]
    os: [win32]

  '@oxlint/binding-win32-ia32-msvc@1.62.0':
    resolution: {integrity: sha512-IgOFvL73li1bFgab+hThXYA0N2Xms2kV2MvZN95cebV+fmrZ9AVui1JSxfeeqRLo3CpPxKZlzhyq4G0cnaAvIw==}
    engines: {node: ^20.19.0 || >=22.12.0}
    cpu: [ia32]
    os: [win32]

  '@oxlint/binding-win32-x64-msvc@1.62.0':
    resolution: {integrity: sha512-6hMpyDWQ2zGA1OXFKBrdYMUveUCO8UJhkO6JdwZPd78xIdHZNhjx+pib+4fC2Cljuhjyl0QwA2F3df/bs4Bp6A==}
    engines: {node: ^20.19.0 || >=22.12.0}
    cpu: [x64]
    os: [win32]

  '@publint/pack@0.1.4':
    resolution: {integrity: sha512-HDVTWq3H0uTXiU0eeSQntcVUTPP3GamzeXI41+x7uU9J65JgWQh3qWZHblR1i0npXfFtF+mxBiU2nJH8znxWnQ==}
    engines: {node: '>=18'}

  '@quansync/fs@1.0.0':
    resolution: {integrity: sha512-4TJ3DFtlf1L5LDMaM6CanJ/0lckGNtJcMjQ1NAV6zDmA0tEHKZtxNKin8EgPaVX1YzljbxckyT2tJrpQKAtngQ==}

  '@rolldown/binding-android-arm64@1.0.0-rc.17':
    resolution: {integrity: sha512-s70pVGhw4zqGeFnXWvAzJDlvxhlRollagdCCKRgOsgUOH3N1l0LIxf83AtGzmb5SiVM4Hjl5HyarMRfdfj3DaQ==}
    engines: {node: ^20.19.0 || >=22.12.0}
    cpu: [arm64]
    os: [android]

  '@rolldown/binding-darwin-arm64@1.0.0-rc.17':
    resolution: {integrity: sha512-4ksWc9n0mhlZpZ9PMZgTGjeOPRu8MB1Z3Tz0Mo02eWfWCHMW1zN82Qz/pL/rC+yQa+8ZnutMF0JjJe7PjwasYw==}
    engines: {node: ^20.19.0 || >=22.12.0}
    cpu: [arm64]
    os: [darwin]

  '@rolldown/binding-darwin-x64@1.0.0-rc.17':
    resolution: {integrity: sha512-SUSDOI6WwUVNcWxd02QEBjLdY1VPHvlEkw6T/8nYG322iYWCTxRb1vzk4E+mWWYehTp7ERibq54LSJGjmouOsw==}
    engines: {node: ^20.19.0 || >=22.12.0}
    cpu: [x64]
    os: [darwin]

  '@rolldown/binding-freebsd-x64@1.0.0-rc.17':
    resolution: {integrity: sha512-hwnz3nw9dbJ05EDO/PvcjaaewqqDy7Y1rn1UO81l8iIK1GjenME75dl16ajbvSSMfv66WXSRCYKIqfgq2KCfxw==}
    engines: {node: ^20.19.0 || >=22.12.0}
    cpu: [x64]
    os: [freebsd]

  '@rolldown/binding-linux-arm-gnueabihf@1.0.0-rc.17':
    resolution: {integrity: sha512-IS+W7epTcwANmFSQFrS1SivEXHtl1JtuQA9wlxrZTcNi6mx+FDOYrakGevvvTwgj2JvWiK8B29/qD9BELZPyXQ==}
    engines: {node: ^20.19.0 || >=22.12.0}
    cpu: [arm]
    os: [linux]

  '@rolldown/binding-linux-arm64-gnu@1.0.0-rc.17':
    resolution: {integrity: sha512-e6usGaHKW5BMNZOymS1UcEYGowQMWcgZ71Z17Sl/h2+ZziNJ1a9n3Zvcz6LdRyIW5572wBCTH/Z+bKuZouGk9Q==}
    engines: {node: ^20.19.0 || >=22.12.0}
    cpu: [arm64]
    os: [linux]
    libc: [glibc]

  '@rolldown/binding-linux-arm64-musl@1.0.0-rc.17':
    resolution: {integrity: sha512-b/CgbwAJpmrRLp02RPfhbudf5tZnN9nsPWK82znefso832etkem8H7FSZwxrOI9djcdTP7U6YfNhbRnh7djErg==}
    engines: {node: ^20.19.0 || >=22.12.0}
    cpu: [arm64]
    os: [linux]
    libc: [musl]

  '@rolldown/binding-linux-ppc64-gnu@1.0.0-rc.17':
    resolution: {integrity: sha512-4EII1iNGRUN5WwGbF/kOh/EIkoDN9HsupgLQoXfY+D1oyJm7/F4t5PYU5n8SWZgG0FEwakyM8pGgwcBYruGTlA==}
    engines: {node: ^20.19.0 || >=22.12.0}
    cpu: [ppc64]
    os: [linux]
    libc: [glibc]

  '@rolldown/binding-linux-s390x-gnu@1.0.0-rc.17':
    resolution: {integrity: sha512-AH8oq3XqQo4IibpVXvPeLDI5pzkpYn0WiZAfT05kFzoJ6tQNzwRdDYQ45M8I/gslbodRZwW8uxLhbSBbkv96rA==}
    engines: {node: ^20.19.0 || >=22.12.0}
    cpu: [s390x]
    os: [linux]
    libc: [glibc]

  '@rolldown/binding-linux-x64-gnu@1.0.0-rc.17':
    resolution: {integrity: sha512-cLnjV3xfo7KslbU41Z7z8BH/E1y5mzUYzAqih1d1MDaIGZRCMqTijqLv76/P7fyHuvUcfGsIpqCdddbxLLK9rA==}
    engines: {node: ^20.19.0 || >=22.12.0}
    cpu: [x64]
    os: [linux]
    libc: [glibc]

  '@rolldown/binding-linux-x64-musl@1.0.0-rc.17':
    resolution: {integrity: sha512-0phclDw1spsL7dUB37sIARuis2tAgomCJXAHZlpt8PXZ4Ba0dRP1e+66lsRqrfhISeN9bEGNjQs+T/Fbd7oYGw==}
    engines: {node: ^20.19.0 || >=22.12.0}
    cpu: [x64]
    os: [linux]
    libc: [musl]

  '@rolldown/binding-openharmony-arm64@1.0.0-rc.17':
    resolution: {integrity: sha512-0ag/hEgXOwgw4t8QyQvUCxvEg+V0KBcA6YuOx9g0r02MprutRF5dyljgm3EmR02O292UX7UeS6HzWHAl6KgyhA==}
    engines: {node: ^20.19.0 || >=22.12.0}
    cpu: [arm64]
    os: [openharmony]

  '@rolldown/binding-wasm32-wasi@1.0.0-rc.17':
    resolution: {integrity: sha512-LEXei6vo0E5wTGwpkJ4KoT3OZJRnglwldt5ziLzOlc6qqb55z4tWNq2A+PFqCJuvWWdP53CVhG1Z9NtToDPJrA==}
    engines: {node: ^20.19.0 || >=22.12.0}
    cpu: [wasm32]

  '@rolldown/binding-win32-arm64-msvc@1.0.0-rc.17':
    resolution: {integrity: sha512-gUmyzBl3SPMa6hrqFUth9sVfcLBlYsbMzBx5PlexMroZStgzGqlZ26pYG89rBb45Mnia+oil6YAIFeEWGWhoZA==}
    engines: {node: ^20.19.0 || >=22.12.0}
    cpu: [arm64]
    os: [win32]

  '@rolldown/binding-win32-x64-msvc@1.0.0-rc.17':
    resolution: {integrity: sha512-3hkiolcUAvPB9FLb3UZdfjVVNWherN1f/skkGWJP/fgSQhYUZpSIRr0/I8ZK9TkF3F7kxvJAk0+IcKvPHk9qQg==}
    engines: {node: ^20.19.0 || >=22.12.0}
    cpu: [x64]
    os: [win32]

  '@rolldown/pluginutils@1.0.0-rc.17':
    resolution: {integrity: sha512-n8iosDOt6Ig1UhJ2AYqoIhHWh/isz0xpicHTzpKBeotdVsTEcxsSA/i3EVM7gQAj0rU27OLAxCjzlj15IWY7bg==}

  '@tybys/wasm-util@0.10.1':
    resolution: {integrity: sha512-9tTaPJLSiejZKx+Bmog4uSubteqTvFrVrURwkmHixBo0G4seD0zUxp98E1DzUBJxLQ3NPwXrGKDiVjwx/DpPsg==}

  '@types/estree@1.0.8':
    resolution: {integrity: sha512-dWHzHa2WqEXI/O1E9OjrocMTKJl2mSrEolh1Iomrv6U+JuNwaHXsXx9bLu5gG7BUWFIN0skIQJQ/L1rIex4X6w==}

  '@types/jsesc@2.5.1':
    resolution: {integrity: sha512-9VN+6yxLOPLOav+7PwjZbxiID2bVaeq0ED4qSQmdQTdjnXJSaCVKTR58t15oqH1H5t8Ng2ZX1SabJVoN9Q34bw==}

  '@types/node@24.12.2':
    resolution: {integrity: sha512-A1sre26ke7HDIuY/M23nd9gfB+nrmhtYyMINbjI1zHJxYteKR6qSMX56FsmjMcDb3SMcjJg5BiRRgOCC/yBD0g==}

  ansis@4.2.0:
    resolution: {integrity: sha512-HqZ5rWlFjGiV0tDm3UxxgNRqsOTniqoKZu0pIAfh7TZQMGuZK+hH0drySty0si0QXj1ieop4+SkSfPZBPPkHig==}
    engines: {node: '>=14'}

  ast-kit@3.0.0-beta.1:
    resolution: {integrity: sha512-trmleAnZ2PxN/loHWVhhx1qeOHSRXq4TDsBBxq3GqeJitfk3+jTQ+v/C1km/KYq9M7wKqCewMh+/NAvVH7m+bw==}
    engines: {node: '>=20.19.0'}

  birpc@4.0.0:
    resolution: {integrity: sha512-LShSxJP0KTmd101b6DRyGBj57LZxSDYWKitQNW/mi8GRMvZb078Uf9+pveax1DrVL89vm7mWe+TovdI/UDOuPw==}

  cac@7.0.0:
    resolution: {integrity: sha512-tixWYgm5ZoOD+3g6UTea91eow5z6AAHaho3g0V9CNSNb45gM8SmflpAc+GRd1InC4AqN/07Unrgp56Y94N9hJQ==}
    engines: {node: '>=20.19.0'}

  cjs-module-lexer@1.4.3:
    resolution: {integrity: sha512-9z8TZaGM1pfswYeXrUpzPrkx8UnWYdhJclsiYMm6x/w5+nN+8Tf/LnAgfLGQCm59qAOxU8WwHEq2vNwF6i4j+Q==}

  defu@6.1.7:
    resolution: {integrity: sha512-7z22QmUWiQ/2d0KkdYmANbRUVABpZ9SNYyH5vx6PZ+nE5bcC0l7uFvEfHlyld/HcGBFTL536ClDt3DEcSlEJAQ==}

  dts-resolver@2.1.3:
    resolution: {integrity: sha512-bihc7jPC90VrosXNzK0LTE2cuLP6jr0Ro8jk+kMugHReJVLIpHz/xadeq3MhuwyO4TD4OA3L1Q8pBBFRc08Tsw==}
    engines: {node: '>=20.19.0'}
    peerDependencies:
      oxc-resolver: '>=11.0.0'
    peerDependenciesMeta:
      oxc-resolver:
        optional: true

  empathic@2.0.0:
    resolution: {integrity: sha512-i6UzDscO/XfAcNYD75CfICkmfLedpyPDdozrLMmQc5ORaQcdMoc21OnlEylMIqI7U8eniKrPMxxtj8k0vhmJhA==}
    engines: {node: '>=14'}

  estree-walker@3.0.3:
    resolution: {integrity: sha512-7RUKfXgSMMkzt6ZuXmqapOurLGPPfgj6l9uRZ7lRGolvk0y2yocc35LdcxKC5PQZdn2DMqioAQ2NoWcrTKmm6g==}

  fdir@6.5.0:
    resolution: {integrity: sha512-tIbYtZbucOs0BRGqPJkshJUYdL+SDH7dVM8gjy+ERp3WAUjLEFJE+02kanyHtwjWOnwrKYBiwAmM0p4kLJAnXg==}
    engines: {node: '>=12.0.0'}
    peerDependencies:
      picomatch: ^3 || ^4
    peerDependenciesMeta:
      picomatch:
        optional: true

  fflate@0.8.2:
    resolution: {integrity: sha512-cPJU47OaAoCbg0pBvzsgpTPhmhqI5eJjh/JIu8tPj5q+T7iLvW/JAYUqmE7KOB4R1ZyEhzBaIQpQpardBF5z8A==}

  get-tsconfig@4.14.0:
    resolution: {integrity: sha512-yTb+8DXzDREzgvYmh6s9vHsSVCHeC0G3PI5bEXNBHtmshPnO+S5O7qgLEOn0I5QvMy6kpZN8K1NKGyilLb93wA==}

  hookable@6.1.1:
    resolution: {integrity: sha512-U9LYDy1CwhMCnprUfeAZWZGByVbhd54hwepegYTK7Pi5NvqEj63ifz5z+xukznehT7i6NIZRu89Ay1AZmRsLEQ==}

  import-without-cache@0.3.3:
    resolution: {integrity: sha512-bDxwDdF04gm550DfZHgffvlX+9kUlcz32UD0AeBTmVPFiWkrexF2XVmiuFFbDhiFuP8fQkrkvI2KdSNPYWAXkQ==}
    engines: {node: '>=20.19.0'}

  jsesc@3.1.0:
    resolution: {integrity: sha512-/sM3dO2FOzXjKQhJuo0Q173wf2KOo8t4I8vHy6lF9poUp7bKT0/NHE8fPX23PwfhnykfqnC2xRxOnVw5XuGIaA==}
    engines: {node: '>=6'}
    hasBin: true

  lru-cache@11.3.5:
    resolution: {integrity: sha512-NxVFwLAnrd9i7KUBxC4DrUhmgjzOs+1Qm50D3oF1/oL+r1NpZ4gA7xvG0/zJ8evR7zIKn4vLf7qTNduWFtCrRw==}
    engines: {node: 20 || >=22}

  mri@1.2.0:
    resolution: {integrity: sha512-tzzskb3bG8LvYGFF/mDTpq3jpI6Q9wc3LEmBaghu+DdCssd1FakN7Bc0hVNmEyGq1bq3RgfkCb3cmQLpNPOroA==}
    engines: {node: '>=4'}

  obug@2.1.1:
    resolution: {integrity: sha512-uTqF9MuPraAQ+IsnPf366RG4cP9RtUi7MLO1N3KEc+wb0a6yKpeL0lmk2IB1jY5KHPAlTc6T/JRdC/YqxHNwkQ==}

  oxfmt@0.47.0:
    resolution: {integrity: sha512-OFbkbzxKCpooQEnRmpTDnuwTX8KHXzZTQ4Df/hz85fpS67Pl+lxPEFvUtin56HIIS0B1k4X8oIzTXRZPufA2CA==}
    engines: {node: ^20.19.0 || >=22.12.0}
    hasBin: true

  oxlint@1.62.0:
    resolution: {integrity: sha512-1uFkg6HakjsGIpW9wNdeW4/2LOHW9MEkoWjZUTUfQtIHyLIZPYt00w3Sg+H3lH+206FgBPHBbW5dVE5l2ExECQ==}
    engines: {node: ^20.19.0 || >=22.12.0}
    hasBin: true
    peerDependencies:
      oxlint-tsgolint: '>=0.18.0'
    peerDependenciesMeta:
      oxlint-tsgolint:
        optional: true

  package-manager-detector@1.6.0:
    resolution: {integrity: sha512-61A5ThoTiDG/C8s8UMZwSorAGwMJ0ERVGj2OjoW5pAalsNOg15+iQiPzrLJ4jhZ1HJzmC2PIHT2oEiH3R5fzNA==}

  pathe@2.0.3:
    resolution: {integrity: sha512-WUjGcAqP1gQacoQe+OBJsFA7Ld4DyXuUIjZ5cc75cLHvJ7dtNsTugphxIADwspS+AraAUePCKrSVtPLFj/F88w==}

  picocolors@1.1.1:
    resolution: {integrity: sha512-xceH2snhtb5M9liqDsmEw56le376mTZkEX/jEb/RxNFyegNul7eNslCXP9FDj/Lcu0X8KEyMceP2ntpaHrDEVA==}

  picomatch@4.0.4:
    resolution: {integrity: sha512-QP88BAKvMam/3NxH6vj2o21R6MjxZUAd6nlwAS/pnGvN9IVLocLHxGYIzFhg6fUQ+5th6P4dv4eW9jX3DSIj7A==}
    engines: {node: '>=12'}

  publint@0.3.18:
    resolution: {integrity: sha512-JRJFeBTrfx4qLwEuGFPk+haJOJN97KnPuK01yj+4k/Wj5BgoOK5uNsivporiqBjk2JDaslg7qJOhGRnpltGeog==}
    engines: {node: '>=18'}
    hasBin: true

  quansync@1.0.0:
    resolution: {integrity: sha512-5xZacEEufv3HSTPQuchrvV6soaiACMFnq1H8wkVioctoH3TRha9Sz66lOxRwPK/qZj7HPiSveih9yAyh98gvqA==}

  resolve-pkg-maps@1.0.0:
    resolution: {integrity: sha512-seS2Tj26TBVOC2NIc2rOe2y2ZO7efxITtLZcGSOnHHNOQ7CkiUBfw0Iw2ck6xkIhPwLhKNLS8BO+hEpngQlqzw==}

  rolldown-plugin-dts@0.23.2:
    resolution: {integrity: sha512-PbSqLawLgZBGcOGT3yqWBGn4cX+wh2nt5FuBGdcMHyOhoukmjbhYAl8NT9sE4U38Cm9tqLOIQeOrvzeayM0DLQ==}
    engines: {node: '>=20.19.0'}
    peerDependencies:
      '@ts-macro/tsc': ^0.3.6
      '@typescript/native-preview': '>=7.0.0-dev.20260325.1'
      rolldown: ^1.0.0-rc.12
      typescript: ^5.0.0 || ^6.0.0
      vue-tsc: ~3.2.0
    peerDependenciesMeta:
      '@ts-macro/tsc':
        optional: true
      '@typescript/native-preview':
        optional: true
      typescript:
        optional: true
      vue-tsc:
        optional: true

  rolldown@1.0.0-rc.17:
    resolution: {integrity: sha512-ZrT53oAKrtA4+YtBWPQbtPOxIbVDbxT0orcYERKd63VJTF13zPcgXTvD4843L8pcsI7M6MErt8QtON6lrB9tyA==}
    engines: {node: ^20.19.0 || >=22.12.0}
    hasBin: true

  sade@1.8.1:
    resolution: {integrity: sha512-xal3CZX1Xlo/k4ApwCFrHVACi9fBqJ7V+mwhBsuf/1IOKbBy098Fex+Wa/5QMubw09pSZ/u8EY8PWgevJsXp1A==}
    engines: {node: '>=6'}

  semver@7.7.4:
    resolution: {integrity: sha512-vFKC2IEtQnVhpT78h1Yp8wzwrf8CM+MzKMHGJZfBtzhZNycRFnXsHk6E5TxIkkMsgNS7mdX3AGB7x2QM2di4lA==}
    engines: {node: '>=10'}
    hasBin: true

  tinyexec@1.1.1:
    resolution: {integrity: sha512-VKS/ZaQhhkKFMANmAOhhXVoIfBXblQxGX1myCQ2faQrfmobMftXeJPcZGp0gS07ocvGJWDLZGyOZDadDBqYIJg==}
    engines: {node: '>=18'}

  tinyglobby@0.2.16:
    resolution: {integrity: sha512-pn99VhoACYR8nFHhxqix+uvsbXineAasWm5ojXoN8xEwK5Kd3/TrhNn1wByuD52UxWRLy8pu+kRMniEi6Eq9Zg==}
    engines: {node: '>=12.0.0'}

  tinypool@2.1.0:
    resolution: {integrity: sha512-Pugqs6M0m7Lv1I7FtxN4aoyToKg1C4tu+/381vH35y8oENM/Ai7f7C4StcoK4/+BSw9ebcS8jRiVrORFKCALLw==}
    engines: {node: ^20.0.0 || >=22.0.0}

  tree-kill@1.2.2:
    resolution: {integrity: sha512-L0Orpi8qGpRG//Nd+H90vFB+3iHnue1zSSGmNOOCh1GLJ7rUKVwV2HvijphGQS2UmhUZewS9VgvxYIdgr+fG1A==}
    hasBin: true

  tsdown@0.21.10:
    resolution: {integrity: sha512-3wk73yBhZe/wX7REqSdivNQ84TDs1mJ+IlnzrrEREP70xlJ/AEIzqaI04l/TzMKVIdkTdC3CPaADn2Lk/0SkdA==}
    engines: {node: '>=20.19.0'}
    hasBin: true
    peerDependencies:
      '@arethetypeswrong/core': ^0.18.1
      '@tsdown/css': 0.21.10
      '@tsdown/exe': 0.21.10
      '@vitejs/devtools': '*'
      publint: ^0.3.0
      typescript: ^5.0.0 || ^6.0.0
      unplugin-unused: ^0.5.0
    peerDependenciesMeta:
      '@arethetypeswrong/core':
        optional: true
      '@tsdown/css':
        optional: true
      '@tsdown/exe':
        optional: true
      '@vitejs/devtools':
        optional: true
      publint:
        optional: true
      typescript:
        optional: true
      unplugin-unused:
        optional: true

  tslib@2.8.1:
    resolution: {integrity: sha512-oJFu94HQb+KVduSUQL7wnpmqnfmLsOA/nAh6b6EH0wCEoK0/mPeXU6c3wKDV83MkOuHPRHtSXKKU99IBazS/2w==}

  typescript@5.6.1-rc:
    resolution: {integrity: sha512-E3b2+1zEFu84jB0YQi9BORDjz9+jGbwwy1Zi3G0LUNw7a7cePUrHMRNy8aPh53nXpkFGVHSxIZo5vKTfYaFiBQ==}
    engines: {node: '>=14.17'}
    hasBin: true

  typescript@6.0.3:
    resolution: {integrity: sha512-y2TvuxSZPDyQakkFRPZHKFm+KKVqIisdg9/CZwm9ftvKXLP8NRWj38/ODjNbr43SsoXqNuAisEf1GdCxqWcdBw==}
    engines: {node: '>=14.17'}
    hasBin: true

  unconfig-core@7.5.0:
    resolution: {integrity: sha512-Su3FauozOGP44ZmKdHy2oE6LPjk51M/TRRjHv2HNCWiDvfvCoxC2lno6jevMA91MYAdCdwP05QnWdWpSbncX/w==}

  undici-types@7.16.0:
    resolution: {integrity: sha512-Zz+aZWSj8LE6zoxD+xrjh4VfkIG8Ya6LvYkZqtUQGJPZjYl53ypCaUwWqo7eI0x66KBGeRo+mlBEkMSeSZ38Nw==}

  unrun@0.2.37:
    resolution: {integrity: sha512-AA7vDuYsgeSYVzJMm16UKA+aXFKhy7nFqW9z5l7q44K4ppFWZAMqYS58ePRZbugMLPH0fwwMzD5A8nP0avxwZQ==}
    engines: {node: '>=20.19.0'}
    hasBin: true
    peerDependencies:
      synckit: ^0.11.11
    peerDependenciesMeta:
      synckit:
        optional: true

  valibot@1.3.1:
    resolution: {integrity: sha512-sfdRir/QFM0JaF22hqTroPc5xy4DimuGQVKFrzF1YfGwaS1nJot3Y8VqMdLO2Lg27fMzat2yD3pY5PbAYO39Gg==}
    peerDependencies:
      typescript: '>=5'
    peerDependenciesMeta:
      typescript:
        optional: true

  validate-npm-package-name@5.0.1:
    resolution: {integrity: sha512-OljLrQ9SQdOUqTaQxqL5dEfZWrXExyyWsozYlAWFawPVNuD83igl7uJD2RTkNMbniIYgt8l81eCJGIdQF7avLQ==}
    engines: {node: ^14.17.0 || ^16.13.0 || >=18.0.0}

snapshots:

  '@andrewbranch/untar.js@1.0.3': {}

  '@arethetypeswrong/core@0.18.2':
    dependencies:
      '@andrewbranch/untar.js': 1.0.3
      '@loaderkit/resolve': 1.0.5
      cjs-module-lexer: 1.4.3
      fflate: 0.8.2
      lru-cache: 11.3.5
      semver: 7.7.4
      typescript: 5.6.1-rc
      validate-npm-package-name: 5.0.1

  '@babel/generator@8.0.0-rc.3':
    dependencies:
      '@babel/parser': 8.0.0-rc.3
      '@babel/types': 8.0.0-rc.3
      '@jridgewell/gen-mapping': 0.3.13
      '@jridgewell/trace-mapping': 0.3.31
      '@types/jsesc': 2.5.1
      jsesc: 3.1.0

  '@babel/helper-string-parser@8.0.0-rc.3': {}

  '@babel/helper-validator-identifier@8.0.0-rc.3': {}

  '@babel/parser@8.0.0-rc.3':
    dependencies:
      '@babel/types': 8.0.0-rc.3

  '@babel/types@8.0.0-rc.3':
    dependencies:
      '@babel/helper-string-parser': 8.0.0-rc.3
      '@babel/helper-validator-identifier': 8.0.0-rc.3

  '@braidai/lang@1.1.2': {}

  '@emnapi/core@1.10.0':
    dependencies:
      '@emnapi/wasi-threads': 1.2.1
      tslib: 2.8.1
    optional: true

  '@emnapi/runtime@1.10.0':
    dependencies:
      tslib: 2.8.1
    optional: true

  '@emnapi/wasi-threads@1.2.1':
    dependencies:
      tslib: 2.8.1
    optional: true

  '@jridgewell/gen-mapping@0.3.13':
    dependencies:
      '@jridgewell/sourcemap-codec': 1.5.5
      '@jridgewell/trace-mapping': 0.3.31

  '@jridgewell/resolve-uri@3.1.2': {}

  '@jridgewell/sourcemap-codec@1.5.5': {}

  '@jridgewell/trace-mapping@0.3.31':
    dependencies:
      '@jridgewell/resolve-uri': 3.1.2
      '@jridgewell/sourcemap-codec': 1.5.5

  '@loaderkit/resolve@1.0.5':
    dependencies:
      '@braidai/lang': 1.1.2

  '@napi-rs/wasm-runtime@1.1.4(@emnapi/core@1.10.0)(@emnapi/runtime@1.10.0)':
    dependencies:
      '@emnapi/core': 1.10.0
      '@emnapi/runtime': 1.10.0
      '@tybys/wasm-util': 0.10.1
    optional: true

  '@oxc-project/types@0.127.0': {}

  '@oxfmt/binding-android-arm-eabi@0.47.0':
    optional: true

  '@oxfmt/binding-android-arm64@0.47.0':
    optional: true

  '@oxfmt/binding-darwin-arm64@0.47.0':
    optional: true

  '@oxfmt/binding-darwin-x64@0.47.0':
    optional: true

  '@oxfmt/binding-freebsd-x64@0.47.0':
    optional: true

  '@oxfmt/binding-linux-arm-gnueabihf@0.47.0':
    optional: true

  '@oxfmt/binding-linux-arm-musleabihf@0.47.0':
    optional: true

  '@oxfmt/binding-linux-arm64-gnu@0.47.0':
    optional: true

  '@oxfmt/binding-linux-arm64-musl@0.47.0':
    optional: true

  '@oxfmt/binding-linux-ppc64-gnu@0.47.0':
    optional: true

  '@oxfmt/binding-linux-riscv64-gnu@0.47.0':
    optional: true

  '@oxfmt/binding-linux-riscv64-musl@0.47.0':
    optional: true

  '@oxfmt/binding-linux-s390x-gnu@0.47.0':
    optional: true

  '@oxfmt/binding-linux-x64-gnu@0.47.0':
    optional: true

  '@oxfmt/binding-linux-x64-musl@0.47.0':
    optional: true

  '@oxfmt/binding-openharmony-arm64@0.47.0':
    optional: true

  '@oxfmt/binding-win32-arm64-msvc@0.47.0':
    optional: true

  '@oxfmt/binding-win32-ia32-msvc@0.47.0':
    optional: true

  '@oxfmt/binding-win32-x64-msvc@0.47.0':
    optional: true

  '@oxlint/binding-android-arm-eabi@1.62.0':
    optional: true

  '@oxlint/binding-android-arm64@1.62.0':
    optional: true

  '@oxlint/binding-darwin-arm64@1.62.0':
    optional: true

  '@oxlint/binding-darwin-x64@1.62.0':
    optional: true

  '@oxlint/binding-freebsd-x64@1.62.0':
    optional: true

  '@oxlint/binding-linux-arm-gnueabihf@1.62.0':
    optional: true

  '@oxlint/binding-linux-arm-musleabihf@1.62.0':
    optional: true

  '@oxlint/binding-linux-arm64-gnu@1.62.0':
    optional: true

  '@oxlint/binding-linux-arm64-musl@1.62.0':
    optional: true

  '@oxlint/binding-linux-ppc64-gnu@1.62.0':
    optional: true

  '@oxlint/binding-linux-riscv64-gnu@1.62.0':
    optional: true

  '@oxlint/binding-linux-riscv64-musl@1.62.0':
    optional: true

  '@oxlint/binding-linux-s390x-gnu@1.62.0':
    optional: true

  '@oxlint/binding-linux-x64-gnu@1.62.0':
    optional: true

  '@oxlint/binding-linux-x64-musl@1.62.0':
    optional: true

  '@oxlint/binding-openharmony-arm64@1.62.0':
    optional: true

  '@oxlint/binding-win32-arm64-msvc@1.62.0':
    optional: true

  '@oxlint/binding-win32-ia32-msvc@1.62.0':
    optional: true

  '@oxlint/binding-win32-x64-msvc@1.62.0':
    optional: true

  '@publint/pack@0.1.4': {}

  '@quansync/fs@1.0.0':
    dependencies:
      quansync: 1.0.0

  '@rolldown/binding-android-arm64@1.0.0-rc.17':
    optional: true

  '@rolldown/binding-darwin-arm64@1.0.0-rc.17':
    optional: true

  '@rolldown/binding-darwin-x64@1.0.0-rc.17':
    optional: true

  '@rolldown/binding-freebsd-x64@1.0.0-rc.17':
    optional: true

  '@rolldown/binding-linux-arm-gnueabihf@1.0.0-rc.17':
    optional: true

  '@rolldown/binding-linux-arm64-gnu@1.0.0-rc.17':
    optional: true

  '@rolldown/binding-linux-arm64-musl@1.0.0-rc.17':
    optional: true

  '@rolldown/binding-linux-ppc64-gnu@1.0.0-rc.17':
    optional: true

  '@rolldown/binding-linux-s390x-gnu@1.0.0-rc.17':
    optional: true

  '@rolldown/binding-linux-x64-gnu@1.0.0-rc.17':
    optional: true

  '@rolldown/binding-linux-x64-musl@1.0.0-rc.17':
    optional: true

  '@rolldown/binding-openharmony-arm64@1.0.0-rc.17':
    optional: true

  '@rolldown/binding-wasm32-wasi@1.0.0-rc.17':
    dependencies:
      '@emnapi/core': 1.10.0
      '@emnapi/runtime': 1.10.0
      '@napi-rs/wasm-runtime': 1.1.4(@emnapi/core@1.10.0)(@emnapi/runtime@1.10.0)
    optional: true

  '@rolldown/binding-win32-arm64-msvc@1.0.0-rc.17':
    optional: true

  '@rolldown/binding-win32-x64-msvc@1.0.0-rc.17':
    optional: true

  '@rolldown/pluginutils@1.0.0-rc.17': {}

  '@tybys/wasm-util@0.10.1':
    dependencies:
      tslib: 2.8.1
    optional: true

  '@types/estree@1.0.8': {}

  '@types/jsesc@2.5.1': {}

  '@types/node@24.12.2':
    dependencies:
      undici-types: 7.16.0

  ansis@4.2.0: {}

  ast-kit@3.0.0-beta.1:
    dependencies:
      '@babel/parser': 8.0.0-rc.3
      estree-walker: 3.0.3
      pathe: 2.0.3

  birpc@4.0.0: {}

  cac@7.0.0: {}

  cjs-module-lexer@1.4.3: {}

  defu@6.1.7: {}

  dts-resolver@2.1.3: {}

  empathic@2.0.0: {}

  estree-walker@3.0.3:
    dependencies:
      '@types/estree': 1.0.8

  fdir@6.5.0(picomatch@4.0.4):
    optionalDependencies:
      picomatch: 4.0.4

  fflate@0.8.2: {}

  get-tsconfig@4.14.0:
    dependencies:
      resolve-pkg-maps: 1.0.0

  hookable@6.1.1: {}

  import-without-cache@0.3.3: {}

  jsesc@3.1.0: {}

  lru-cache@11.3.5: {}

  mri@1.2.0: {}

  obug@2.1.1: {}

  oxfmt@0.47.0:
    dependencies:
      tinypool: 2.1.0
    optionalDependencies:
      '@oxfmt/binding-android-arm-eabi': 0.47.0
      '@oxfmt/binding-android-arm64': 0.47.0
      '@oxfmt/binding-darwin-arm64': 0.47.0
      '@oxfmt/binding-darwin-x64': 0.47.0
      '@oxfmt/binding-freebsd-x64': 0.47.0
      '@oxfmt/binding-linux-arm-gnueabihf': 0.47.0
      '@oxfmt/binding-linux-arm-musleabihf': 0.47.0
      '@oxfmt/binding-linux-arm64-gnu': 0.47.0
      '@oxfmt/binding-linux-arm64-musl': 0.47.0
      '@oxfmt/binding-linux-ppc64-gnu': 0.47.0
      '@oxfmt/binding-linux-riscv64-gnu': 0.47.0
      '@oxfmt/binding-linux-riscv64-musl': 0.47.0
      '@oxfmt/binding-linux-s390x-gnu': 0.47.0
      '@oxfmt/binding-linux-x64-gnu': 0.47.0
      '@oxfmt/binding-linux-x64-musl': 0.47.0
      '@oxfmt/binding-openharmony-arm64': 0.47.0
      '@oxfmt/binding-win32-arm64-msvc': 0.47.0
      '@oxfmt/binding-win32-ia32-msvc': 0.47.0
      '@oxfmt/binding-win32-x64-msvc': 0.47.0

  oxlint@1.62.0:
    optionalDependencies:
      '@oxlint/binding-android-arm-eabi': 1.62.0
      '@oxlint/binding-android-arm64': 1.62.0
      '@oxlint/binding-darwin-arm64': 1.62.0
      '@oxlint/binding-darwin-x64': 1.62.0
      '@oxlint/binding-freebsd-x64': 1.62.0
      '@oxlint/binding-linux-arm-gnueabihf': 1.62.0
      '@oxlint/binding-linux-arm-musleabihf': 1.62.0
      '@oxlint/binding-linux-arm64-gnu': 1.62.0
      '@oxlint/binding-linux-arm64-musl': 1.62.0
      '@oxlint/binding-linux-ppc64-gnu': 1.62.0
      '@oxlint/binding-linux-riscv64-gnu': 1.62.0
      '@oxlint/binding-linux-riscv64-musl': 1.62.0
      '@oxlint/binding-linux-s390x-gnu': 1.62.0
      '@oxlint/binding-linux-x64-gnu': 1.62.0
      '@oxlint/binding-linux-x64-musl': 1.62.0
      '@oxlint/binding-openharmony-arm64': 1.62.0
      '@oxlint/binding-win32-arm64-msvc': 1.62.0
      '@oxlint/binding-win32-ia32-msvc': 1.62.0
      '@oxlint/binding-win32-x64-msvc': 1.62.0

  package-manager-detector@1.6.0: {}

  pathe@2.0.3: {}

  picocolors@1.1.1: {}

  picomatch@4.0.4: {}

  publint@0.3.18:
    dependencies:
      '@publint/pack': 0.1.4
      package-manager-detector: 1.6.0
      picocolors: 1.1.1
      sade: 1.8.1

  quansync@1.0.0: {}

  resolve-pkg-maps@1.0.0: {}

  rolldown-plugin-dts@0.23.2(rolldown@1.0.0-rc.17)(typescript@6.0.3):
    dependencies:
      '@babel/generator': 8.0.0-rc.3
      '@babel/helper-validator-identifier': 8.0.0-rc.3
      '@babel/parser': 8.0.0-rc.3
      '@babel/types': 8.0.0-rc.3
      ast-kit: 3.0.0-beta.1
      birpc: 4.0.0
      dts-resolver: 2.1.3
      get-tsconfig: 4.14.0
      obug: 2.1.1
      picomatch: 4.0.4
      rolldown: 1.0.0-rc.17
    optionalDependencies:
      typescript: 6.0.3
    transitivePeerDependencies:
      - oxc-resolver

  rolldown@1.0.0-rc.17:
    dependencies:
      '@oxc-project/types': 0.127.0
      '@rolldown/pluginutils': 1.0.0-rc.17
    optionalDependencies:
      '@rolldown/binding-android-arm64': 1.0.0-rc.17
      '@rolldown/binding-darwin-arm64': 1.0.0-rc.17
      '@rolldown/binding-darwin-x64': 1.0.0-rc.17
      '@rolldown/binding-freebsd-x64': 1.0.0-rc.17
      '@rolldown/binding-linux-arm-gnueabihf': 1.0.0-rc.17
      '@rolldown/binding-linux-arm64-gnu': 1.0.0-rc.17
      '@rolldown/binding-linux-arm64-musl': 1.0.0-rc.17
      '@rolldown/binding-linux-ppc64-gnu': 1.0.0-rc.17
      '@rolldown/binding-linux-s390x-gnu': 1.0.0-rc.17
      '@rolldown/binding-linux-x64-gnu': 1.0.0-rc.17
      '@rolldown/binding-linux-x64-musl': 1.0.0-rc.17
      '@rolldown/binding-openharmony-arm64': 1.0.0-rc.17
      '@rolldown/binding-wasm32-wasi': 1.0.0-rc.17
      '@rolldown/binding-win32-arm64-msvc': 1.0.0-rc.17
      '@rolldown/binding-win32-x64-msvc': 1.0.0-rc.17

  sade@1.8.1:
    dependencies:
      mri: 1.2.0

  semver@7.7.4: {}

  tinyexec@1.1.1: {}

  tinyglobby@0.2.16:
    dependencies:
      fdir: 6.5.0(picomatch@4.0.4)
      picomatch: 4.0.4

  tinypool@2.1.0: {}

  tree-kill@1.2.2: {}

  tsdown@0.21.10(@arethetypeswrong/core@0.18.2)(publint@0.3.18)(typescript@6.0.3):
    dependencies:
      ansis: 4.2.0
      cac: 7.0.0
      defu: 6.1.7
      empathic: 2.0.0
      hookable: 6.1.1
      import-without-cache: 0.3.3
      obug: 2.1.1
      picomatch: 4.0.4
      rolldown: 1.0.0-rc.17
      rolldown-plugin-dts: 0.23.2(rolldown@1.0.0-rc.17)(typescript@6.0.3)
      semver: 7.7.4
      tinyexec: 1.1.1
      tinyglobby: 0.2.16
      tree-kill: 1.2.2
      unconfig-core: 7.5.0
      unrun: 0.2.37
    optionalDependencies:
      '@arethetypeswrong/core': 0.18.2
      publint: 0.3.18
      typescript: 6.0.3
    transitivePeerDependencies:
      - '@ts-macro/tsc'
      - '@typescript/native-preview'
      - oxc-resolver
      - synckit
      - vue-tsc

  tslib@2.8.1:
    optional: true

  typescript@5.6.1-rc: {}

  typescript@6.0.3: {}

  unconfig-core@7.5.0:
    dependencies:
      '@quansync/fs': 1.0.0
      quansync: 1.0.0

  undici-types@7.16.0: {}

  unrun@0.2.37:
    dependencies:
      rolldown: 1.0.0-rc.17

  valibot@1.3.1(typescript@6.0.3):
    optionalDependencies:
      typescript: 6.0.3

  validate-npm-package-name@5.0.1: {}
